
Microsoft Visual Studio Solution File, Format Version 12.00
# Visual Studio Version 16
VisualStudioVersion = 16.0.29519.87
MinimumVisualStudioVersion = 15.0.26124.0
Project("{9A19103F-16F7-4668-BE54-9A1E7A4F7556}") = "AdventOfCode", "AdventOfCode\AdventOfCode.csproj", "{A31E39BB-DE12-44BE-A63C-FECCD707F0F5}"
EndProject
Project("{9A19103F-16F7-4668-BE54-9A1E7A4F7556}") = "AdventOfCode.Tests", "AdventOfCode.Tests\AdventOfCode.Tests.csproj", "{329217AC-532E-4F14-9E55-4571DFD5EF23}"
EndProject
Project("{FAE04EC0-301F-11D3-BF4B-00C04F79EFBC}") = "AdventOfCode.Bench", "AdventOfCode.Bench\AdventOfCode.Bench.csproj", "{7A27EDE5-22CE-4E33-B4F2-376BA73DC007}"
EndProject
Global
	GlobalSection(SolutionConfigurationPlatforms) = preSolution
		Debug|Any CPU = Debug|Any CPU
		Release|Any CPU = Release|Any CPU
	EndGlobalSection
	GlobalSection(ProjectConfigurationPlatforms) = postSolution
		{A31E39BB-DE12-44BE-A63C-FECCD707F0F5}.Debug|Any CPU.ActiveCfg = Debug|Any CPU
		{A31E39BB-DE12-44BE-A63C-FECCD707F0F5}.Debug|Any CPU.Build.0 = Debug|Any CPU
		{A31E39BB-DE12-44BE-A63C-FECCD707F0F5}.Release|Any CPU.ActiveCfg = Release|Any CPU
		{A31E39BB-DE12-44BE-A63C-FECCD707F0F5}.Release|Any CPU.Build.0 = Release|Any CPU
		{329217AC-532E-4F14-9E55-4571DFD5EF23}.Debug|Any CPU.ActiveCfg = Debug|Any CPU
		{329217AC-532E-4F14-9E55-4571DFD5EF23}.Debug|Any CPU.Build.0 = Debug|Any CPU
		{329217AC-532E-4F14-9E55-4571DFD5EF23}.Release|Any CPU.ActiveCfg = Release|Any CPU
		{329217AC-532E-4F14-9E55-4571DFD5EF23}.Release|Any CPU.Build.0 = Release|Any CPU
		{7A27EDE5-22CE-4E33-B4F2-376BA73DC007}.Debug|Any CPU.ActiveCfg = Debug|Any CPU
		{7A27EDE5-22CE-4E33-B4F2-376BA73DC007}.Debug|Any CPU.Build.0 = Debug|Any CPU
		{7A27EDE5-22CE-4E33-B4F2-376BA73DC007}.Release|Any CPU.ActiveCfg = Release|Any CPU
		{7A27EDE5-22CE-4E33-B4F2-376BA73DC007}.Release|Any CPU.Build.0 = Release|Any CPU
	EndGlobalSection
	GlobalSection(SolutionProperties) = preSolution
		HideSolutionNode = FALSE
	EndGlobalSection
	GlobalSection(ExtensibilityGlobals) = postSolution
		SolutionGuid = {F3669CEC-0A53-4366-BFDC-FDC6B60FC678}
	EndGlobalSection
EndGlobal
